// !$*UTF8*$!
{
	archiveVersion = 1;
	classes = {
	};
	objectVersion = 46;
	objects = {

/* Begin PBXBuildFile section */
		9BC01C601DFB0C07007E634E /* AppDelegate.swift in Sources */ = {isa = PBXBuildFile; fileRef = 9BC01C5F1DFB0C07007E634E /* AppDelegate.swift */; };
		9BC01C621DFB0C07007E634E /* ViewController.swift in Sources */ = {isa = PBXBuildFile; fileRef = 9BC01C611DFB0C07007E634E /* ViewController.swift */; };
		9BC01C641DFB0C07007E634E /* Assets.xcassets in Resources */ = {isa = PBXBuildFile; fileRef = 9BC01C631DFB0C07007E634E /* Assets.xcassets */; };
		9BC01C671DFB0C07007E634E /* Main.storyboard in Resources */ = {isa = PBXBuildFile; fileRef = 9BC01C651DFB0C07007E634E /* Main.storyboard */; };
		9BC01C6F1DFBC564007E634E /* settings.plist in Resources */ = {isa = PBXBuildFile; fileRef = 9BC01C6E1DFBC564007E634E /* settings.plist */; };
		B508D5D71FA1A1780069ED0B /* stop.png in Resources */ = {isa = PBXBuildFile; fileRef = B508D5D61FA1A1780069ED0B /* stop.png */; };
		B53AF7F21F5CCF1000A2739C /* 2.png in Resources */ = {isa = PBXBuildFile; fileRef = B53AF7EF1F5CCF1000A2739C /* 2.png */; };
		B53AF7F31F5CCF1000A2739C /* 3.png in Resources */ = {isa = PBXBuildFile; fileRef = B53AF7F01F5CCF1000A2739C /* 3.png */; };
		B53AF7F41F5CCF1000A2739C /* 4.png in Resources */ = {isa = PBXBuildFile; fileRef = B53AF7F11F5CCF1000A2739C /* 4.png */; };
		B55A277D1EAF8CA700AF8398 /* quit.png in Resources */ = {isa = PBXBuildFile; fileRef = B55A277B1EAF8CA700AF8398 /* quit.png */; };
		B55A277E1EAF8CA700AF8398 /* go.png in Resources */ = {isa = PBXBuildFile; fileRef = B55A277C1EAF8CA700AF8398 /* go.png */; };
		B5B4FAFC1FF0B21C0007BD34 /* SummaryViewController.swift in Sources */ = {isa = PBXBuildFile; fileRef = B5B4FAFB1FF0B21C0007BD34 /* SummaryViewController.swift */; };
		B5B651901F203C48007D7CE6 /* HelpViewController.swift in Sources */ = {isa = PBXBuildFile; fileRef = B5B6518F1F203C48007D7CE6 /* HelpViewController.swift */; };
		B5C042481EB11CF400C6E872 /* 0.png in Resources */ = {isa = PBXBuildFile; fileRef = B5C0423C1EB11CF400C6E872 /* 0.png */; };
		B5C042491EB11CF400C6E872 /* 1.png in Resources */ = {isa = PBXBuildFile; fileRef = B5C0423D1EB11CF400C6E872 /* 1.png */; };
		B5C0424D1EB11CF400C6E872 /* 5.png in Resources */ = {isa = PBXBuildFile; fileRef = B5C042411EB11CF400C6E872 /* 5.png */; };
		B5C0424E1EB11CF400C6E872 /* 6.png in Resources */ = {isa = PBXBuildFile; fileRef = B5C042421EB11CF400C6E872 /* 6.png */; };
		B5C0424F1EB11CF400C6E872 /* 7.png in Resources */ = {isa = PBXBuildFile; fileRef = B5C042431EB11CF400C6E872 /* 7.png */; };
		B5C042501EB11CF400C6E872 /* 8.png in Resources */ = {isa = PBXBuildFile; fileRef = B5C042441EB11CF400C6E872 /* 8.png */; };
		B5C042511EB11CF400C6E872 /* 9.png in Resources */ = {isa = PBXBuildFile; fileRef = B5C042451EB11CF400C6E872 /* 9.png */; };
		B5C042521EB11CF400C6E872 /* 10.png in Resources */ = {isa = PBXBuildFile; fileRef = B5C042461EB11CF400C6E872 /* 10.png */; };
		B5C042531EB11CF400C6E872 /* 11.png in Resources */ = {isa = PBXBuildFile; fileRef = B5C042471EB11CF400C6E872 /* 11.png */; };
		B5E179F21F1FDAFA00A20AAA /* images in Resources */ = {isa = PBXBuildFile; fileRef = B5E179F01F1FDAFA00A20AAA /* images */; };
		B5E179F31F1FDAFA00A20AAA /* index.html in Resources */ = {isa = PBXBuildFile; fileRef = B5E179F11F1FDAFA00A20AAA /* index.html */; };
/* End PBXBuildFile section */

/* Begin PBXFileReference section */
		9BC01C5C1DFB0C07007E634E /* jamf-migrator.app */ = {isa = PBXFileReference; explicitFileType = wrapper.application; includeInIndex = 0; path = "jamf-migrator.app"; sourceTree = BUILT_PRODUCTS_DIR; };
		9BC01C5F1DFB0C07007E634E /* AppDelegate.swift */ = {isa = PBXFileReference; lastKnownFileType = sourcecode.swift; path = AppDelegate.swift; sourceTree = "<group>"; };
		9BC01C611DFB0C07007E634E /* ViewController.swift */ = {isa = PBXFileReference; lastKnownFileType = sourcecode.swift; path = ViewController.swift; sourceTree = "<group>"; };
		9BC01C631DFB0C07007E634E /* Assets.xcassets */ = {isa = PBXFileReference; lastKnownFileType = folder.assetcatalog; path = Assets.xcassets; sourceTree = "<group>"; };
		9BC01C661DFB0C07007E634E /* Base */ = {isa = PBXFileReference; lastKnownFileType = file.storyboard; name = Base; path = Base.lproj/Main.storyboard; sourceTree = "<group>"; };
		9BC01C681DFB0C07007E634E /* Info.plist */ = {isa = PBXFileReference; lastKnownFileType = text.plist.xml; path = Info.plist; sourceTree = "<group>"; };
		9BC01C6E1DFBC564007E634E /* settings.plist */ = {isa = PBXFileReference; fileEncoding = 4; lastKnownFileType = text.plist.xml; path = settings.plist; sourceTree = "<group>"; };
		B508D5D61FA1A1780069ED0B /* stop.png */ = {isa = PBXFileReference; lastKnownFileType = image.png; path = stop.png; sourceTree = "<group>"; };
		B53AF7EF1F5CCF1000A2739C /* 2.png */ = {isa = PBXFileReference; lastKnownFileType = image.png; path = 2.png; sourceTree = "<group>"; };
		B53AF7F01F5CCF1000A2739C /* 3.png */ = {isa = PBXFileReference; lastKnownFileType = image.png; path = 3.png; sourceTree = "<group>"; };
		B53AF7F11F5CCF1000A2739C /* 4.png */ = {isa = PBXFileReference; lastKnownFileType = image.png; path = 4.png; sourceTree = "<group>"; };
		B55A277B1EAF8CA700AF8398 /* quit.png */ = {isa = PBXFileReference; lastKnownFileType = image.png; path = quit.png; sourceTree = "<group>"; };
		B55A277C1EAF8CA700AF8398 /* go.png */ = {isa = PBXFileReference; lastKnownFileType = image.png; path = go.png; sourceTree = "<group>"; };
		B5B4FAFB1FF0B21C0007BD34 /* SummaryViewController.swift */ = {isa = PBXFileReference; fileEncoding = 4; lastKnownFileType = sourcecode.swift; path = SummaryViewController.swift; sourceTree = "<group>"; };
		B5B6518F1F203C48007D7CE6 /* HelpViewController.swift */ = {isa = PBXFileReference; fileEncoding = 4; lastKnownFileType = sourcecode.swift; path = HelpViewController.swift; sourceTree = "<group>"; };
		B5C0423C1EB11CF400C6E872 /* 0.png */ = {isa = PBXFileReference; lastKnownFileType = image.png; path = 0.png; sourceTree = "<group>"; };
		B5C0423D1EB11CF400C6E872 /* 1.png */ = {isa = PBXFileReference; lastKnownFileType = image.png; path = 1.png; sourceTree = "<group>"; };
		B5C042411EB11CF400C6E872 /* 5.png */ = {isa = PBXFileReference; lastKnownFileType = image.png; path = 5.png; sourceTree = "<group>"; };
		B5C042421EB11CF400C6E872 /* 6.png */ = {isa = PBXFileReference; lastKnownFileType = image.png; path = 6.png; sourceTree = "<group>"; };
		B5C042431EB11CF400C6E872 /* 7.png */ = {isa = PBXFileReference; lastKnownFileType = image.png; path = 7.png; sourceTree = "<group>"; };
		B5C042441EB11CF400C6E872 /* 8.png */ = {isa = PBXFileReference; lastKnownFileType = image.png; path = 8.png; sourceTree = "<group>"; };
		B5C042451EB11CF400C6E872 /* 9.png */ = {isa = PBXFileReference; lastKnownFileType = image.png; path = 9.png; sourceTree = "<group>"; };
		B5C042461EB11CF400C6E872 /* 10.png */ = {isa = PBXFileReference; lastKnownFileType = image.png; path = 10.png; sourceTree = "<group>"; };
		B5C042471EB11CF400C6E872 /* 11.png */ = {isa = PBXFileReference; lastKnownFileType = image.png; path = 11.png; sourceTree = "<group>"; };
		B5E179F01F1FDAFA00A20AAA /* images */ = {isa = PBXFileReference; lastKnownFileType = folder; path = images; sourceTree = "<group>"; };
		B5E179F11F1FDAFA00A20AAA /* index.html */ = {isa = PBXFileReference; fileEncoding = 4; lastKnownFileType = text.html; path = index.html; sourceTree = "<group>"; };
/* End PBXFileReference section */

/* Begin PBXFrameworksBuildPhase section */
		9BC01C591DFB0C07007E634E /* Frameworks */ = {
			isa = PBXFrameworksBuildPhase;
			buildActionMask = 2147483647;
			files = (
			);
			runOnlyForDeploymentPostprocessing = 0;
		};
/* End PBXFrameworksBuildPhase section */

/* Begin PBXGroup section */
		9BC01C531DFB0C07007E634E = {
			isa = PBXGroup;
			children = (
				9BC01C5E1DFB0C07007E634E /* jamf-migrator */,
				9BC01C5D1DFB0C07007E634E /* Products */,
			);
			sourceTree = "<group>";
		};
		9BC01C5D1DFB0C07007E634E /* Products */ = {
			isa = PBXGroup;
			children = (
				9BC01C5C1DFB0C07007E634E /* jamf-migrator.app */,
			);
			name = Products;
			sourceTree = "<group>";
		};
		9BC01C5E1DFB0C07007E634E /* jamf-migrator */ = {
			isa = PBXGroup;
			children = (
				9BC01C5F1DFB0C07007E634E /* AppDelegate.swift */,
				9BC01C611DFB0C07007E634E /* ViewController.swift */,
				B5B6518F1F203C48007D7CE6 /* HelpViewController.swift */,
				B5B4FAFB1FF0B21C0007BD34 /* SummaryViewController.swift */,
				9BC01C631DFB0C07007E634E /* Assets.xcassets */,
				B55A277F1EAF8CAE00AF8398 /* Images */,
				9BC01C651DFB0C07007E634E /* Main.storyboard */,
				9BC01C681DFB0C07007E634E /* Info.plist */,
				9BC01C6E1DFBC564007E634E /* settings.plist */,
				B5E179EF1F1FDACF00A20AAA /* help */,
			);
			path = "jamf-migrator";
			sourceTree = "<group>";
		};
		B55A277F1EAF8CAE00AF8398 /* Images */ = {
			isa = PBXGroup;
			children = (
				B5C0423C1EB11CF400C6E872 /* 0.png */,
				B5C0423D1EB11CF400C6E872 /* 1.png */,
				B53AF7EF1F5CCF1000A2739C /* 2.png */,
				B53AF7F01F5CCF1000A2739C /* 3.png */,
				B53AF7F11F5CCF1000A2739C /* 4.png */,
				B5C042411EB11CF400C6E872 /* 5.png */,
				B5C042421EB11CF400C6E872 /* 6.png */,
				B5C042431EB11CF400C6E872 /* 7.png */,
				B5C042441EB11CF400C6E872 /* 8.png */,
				B5C042451EB11CF400C6E872 /* 9.png */,
				B5C042461EB11CF400C6E872 /* 10.png */,
				B5C042471EB11CF400C6E872 /* 11.png */,
				B55A277B1EAF8CA700AF8398 /* quit.png */,
				B55A277C1EAF8CA700AF8398 /* go.png */,
				B508D5D61FA1A1780069ED0B /* stop.png */,
			);
			name = Images;
			sourceTree = "<group>";
		};
		B5E179EF1F1FDACF00A20AAA /* help */ = {
			isa = PBXGroup;
			children = (
				B5E179F01F1FDAFA00A20AAA /* images */,
				B5E179F11F1FDAFA00A20AAA /* index.html */,
			);
			name = help;
			sourceTree = "<group>";
		};
/* End PBXGroup section */

/* Begin PBXNativeTarget section */
		9BC01C5B1DFB0C07007E634E /* jamf-migrator */ = {
			isa = PBXNativeTarget;
			buildConfigurationList = 9BC01C6B1DFB0C07007E634E /* Build configuration list for PBXNativeTarget "jamf-migrator" */;
			buildPhases = (
				9BC01C581DFB0C07007E634E /* Sources */,
				9BC01C591DFB0C07007E634E /* Frameworks */,
				9BC01C5A1DFB0C07007E634E /* Resources */,
			);
			buildRules = (
			);
			dependencies = (
			);
			name = "jamf-migrator";
			productName = "jamf-migrator";
			productReference = 9BC01C5C1DFB0C07007E634E /* jamf-migrator.app */;
			productType = "com.apple.product-type.application";
		};
/* End PBXNativeTarget section */

/* Begin PBXProject section */
		9BC01C541DFB0C07007E634E /* Project object */ = {
			isa = PBXProject;
			attributes = {
				LastSwiftUpdateCheck = 0810;
				LastUpgradeCheck = 0820;
				ORGANIZATIONNAME = jamf;
				TargetAttributes = {
					9BC01C5B1DFB0C07007E634E = {
						CreatedOnToolsVersion = 8.1;
						DevelopmentTeam = PS2F6S478M;
						ProvisioningStyle = Automatic;
					};
				};
			};
			buildConfigurationList = 9BC01C571DFB0C07007E634E /* Build configuration list for PBXProject "jamf-migrator" */;
			compatibilityVersion = "Xcode 3.2";
			developmentRegion = English;
			hasScannedForEncodings = 0;
			knownRegions = (
				en,
				Base,
			);
			mainGroup = 9BC01C531DFB0C07007E634E;
			productRefGroup = 9BC01C5D1DFB0C07007E634E /* Products */;
			projectDirPath = "";
			projectRoot = "";
			targets = (
				9BC01C5B1DFB0C07007E634E /* jamf-migrator */,
			);
		};
/* End PBXProject section */

/* Begin PBXResourcesBuildPhase section */
		9BC01C5A1DFB0C07007E634E /* Resources */ = {
			isa = PBXResourcesBuildPhase;
			buildActionMask = 2147483647;
			files = (
				B5E179F21F1FDAFA00A20AAA /* images in Resources */,
				B508D5D71FA1A1780069ED0B /* stop.png in Resources */,
				B5C0424D1EB11CF400C6E872 /* 5.png in Resources */,
				B5C0424F1EB11CF400C6E872 /* 7.png in Resources */,
				B5C042481EB11CF400C6E872 /* 0.png in Resources */,
				B5C042511EB11CF400C6E872 /* 9.png in Resources */,
				B53AF7F31F5CCF1000A2739C /* 3.png in Resources */,
				B55A277E1EAF8CA700AF8398 /* go.png in Resources */,
				B53AF7F21F5CCF1000A2739C /* 2.png in Resources */,
				B53AF7F41F5CCF1000A2739C /* 4.png in Resources */,
				B5C042531EB11CF400C6E872 /* 11.png in Resources */,
				B5C042501EB11CF400C6E872 /* 8.png in Resources */,
				9BC01C6F1DFBC564007E634E /* settings.plist in Resources */,
				B5C0424E1EB11CF400C6E872 /* 6.png in Resources */,
				B5C042521EB11CF400C6E872 /* 10.png in Resources */,
				9BC01C641DFB0C07007E634E /* Assets.xcassets in Resources */,
				B55A277D1EAF8CA700AF8398 /* quit.png in Resources */,
				9BC01C671DFB0C07007E634E /* Main.storyboard in Resources */,
				B5E179F31F1FDAFA00A20AAA /* index.html in Resources */,
				B5C042491EB11CF400C6E872 /* 1.png in Resources */,
			);
			runOnlyForDeploymentPostprocessing = 0;
		};
/* End PBXResourcesBuildPhase section */

/* Begin PBXSourcesBuildPhase section */
		9BC01C581DFB0C07007E634E /* Sources */ = {
			isa = PBXSourcesBuildPhase;
			buildActionMask = 2147483647;
			files = (
				9BC01C621DFB0C07007E634E /* ViewController.swift in Sources */,
				B5B651901F203C48007D7CE6 /* HelpViewController.swift in Sources */,
				9BC01C601DFB0C07007E634E /* AppDelegate.swift in Sources */,
				B5B4FAFC1FF0B21C0007BD34 /* SummaryViewController.swift in Sources */,
			);
			runOnlyForDeploymentPostprocessing = 0;
		};
/* End PBXSourcesBuildPhase section */

/* Begin PBXVariantGroup section */
		9BC01C651DFB0C07007E634E /* Main.storyboard */ = {
			isa = PBXVariantGroup;
			children = (
				9BC01C661DFB0C07007E634E /* Base */,
			);
			name = Main.storyboard;
			sourceTree = "<group>";
		};
/* End PBXVariantGroup section */

/* Begin XCBuildConfiguration section */
		9BC01C691DFB0C07007E634E /* Debug */ = {
			isa = XCBuildConfiguration;
			buildSettings = {
				ALWAYS_SEARCH_USER_PATHS = NO;
				CLANG_ANALYZER_NONNULL = YES;
				CLANG_CXX_LANGUAGE_STANDARD = "gnu++0x";
				CLANG_CXX_LIBRARY = "libc++";
				CLANG_ENABLE_MODULES = YES;
				CLANG_ENABLE_OBJC_ARC = YES;
				CLANG_WARN_BOOL_CONVERSION = YES;
				CLANG_WARN_CONSTANT_CONVERSION = YES;
				CLANG_WARN_DIRECT_OBJC_ISA_USAGE = YES_ERROR;
				CLANG_WARN_DOCUMENTATION_COMMENTS = YES;
				CLANG_WARN_EMPTY_BODY = YES;
				CLANG_WARN_ENUM_CONVERSION = YES;
				CLANG_WARN_INFINITE_RECURSION = YES;
				CLANG_WARN_INT_CONVERSION = YES;
				CLANG_WARN_OBJC_ROOT_CLASS = YES_ERROR;
				CLANG_WARN_SUSPICIOUS_MOVE = YES;
				CLANG_WARN_SUSPICIOUS_MOVES = YES;
				CLANG_WARN_UNREACHABLE_CODE = YES;
				CLANG_WARN__DUPLICATE_METHOD_MATCH = YES;
				CODE_SIGN_IDENTITY = "-";
				COPY_PHASE_STRIP = NO;
				DEBUG_INFORMATION_FORMAT = dwarf;
				ENABLE_STRICT_OBJC_MSGSEND = YES;
				ENABLE_TESTABILITY = YES;
				GCC_C_LANGUAGE_STANDARD = gnu99;
				GCC_DYNAMIC_NO_PIC = NO;
				GCC_NO_COMMON_BLOCKS = YES;
				GCC_OPTIMIZATION_LEVEL = 0;
				GCC_PREPROCESSOR_DEFINITIONS = (
					"DEBUG=1",
					"$(inherited)",
				);
				GCC_WARN_64_TO_32_BIT_CONVERSION = YES;
				GCC_WARN_ABOUT_RETURN_TYPE = YES_ERROR;
				GCC_WARN_UNDECLARED_SELECTOR = YES;
				GCC_WARN_UNINITIALIZED_AUTOS = YES_AGGRESSIVE;
				GCC_WARN_UNUSED_FUNCTION = YES;
				GCC_WARN_UNUSED_VARIABLE = YES;
				MACOSX_DEPLOYMENT_TARGET = 10.11;
				MTL_ENABLE_DEBUG_INFO = YES;
				ONLY_ACTIVE_ARCH = YES;
				SDKROOT = macosx;
				SWIFT_ACTIVE_COMPILATION_CONDITIONS = DEBUG;
				SWIFT_OPTIMIZATION_LEVEL = "-Onone";
			};
			name = Debug;
		};
		9BC01C6A1DFB0C07007E634E /* Release */ = {
			isa = XCBuildConfiguration;
			buildSettings = {
				ALWAYS_SEARCH_USER_PATHS = NO;
				CLANG_ANALYZER_NONNULL = YES;
				CLANG_CXX_LANGUAGE_STANDARD = "gnu++0x";
				CLANG_CXX_LIBRARY = "libc++";
				CLANG_ENABLE_MODULES = YES;
				CLANG_ENABLE_OBJC_ARC = YES;
				CLANG_WARN_BOOL_CONVERSION = YES;
				CLANG_WARN_CONSTANT_CONVERSION = YES;
				CLANG_WARN_DIRECT_OBJC_ISA_USAGE = YES_ERROR;
				CLANG_WARN_DOCUMENTATION_COMMENTS = YES;
				CLANG_WARN_EMPTY_BODY = YES;
				CLANG_WARN_ENUM_CONVERSION = YES;
				CLANG_WARN_INFINITE_RECURSION = YES;
				CLANG_WARN_INT_CONVERSION = YES;
				CLANG_WARN_OBJC_ROOT_CLASS = YES_ERROR;
				CLANG_WARN_SUSPICIOUS_MOVE = YES;
				CLANG_WARN_SUSPICIOUS_MOVES = YES;
				CLANG_WARN_UNREACHABLE_CODE = YES;
				CLANG_WARN__DUPLICATE_METHOD_MATCH = YES;
				CODE_SIGN_IDENTITY = "-";
				COPY_PHASE_STRIP = NO;
				DEBUG_INFORMATION_FORMAT = "dwarf-with-dsym";
				ENABLE_NS_ASSERTIONS = NO;
				ENABLE_STRICT_OBJC_MSGSEND = YES;
				GCC_C_LANGUAGE_STANDARD = gnu99;
				GCC_NO_COMMON_BLOCKS = YES;
				GCC_WARN_64_TO_32_BIT_CONVERSION = YES;
				GCC_WARN_ABOUT_RETURN_TYPE = YES_ERROR;
				GCC_WARN_UNDECLARED_SELECTOR = YES;
				GCC_WARN_UNINITIALIZED_AUTOS = YES_AGGRESSIVE;
				GCC_WARN_UNUSED_FUNCTION = YES;
				GCC_WARN_UNUSED_VARIABLE = YES;
				MACOSX_DEPLOYMENT_TARGET = 10.11;
				MTL_ENABLE_DEBUG_INFO = NO;
				SDKROOT = macosx;
				SWIFT_OPTIMIZATION_LEVEL = "-Owholemodule";
			};
			name = Release;
		};
		9BC01C6C1DFB0C07007E634E /* Debug */ = {
			isa = XCBuildConfiguration;
			buildSettings = {
				ASSETCATALOG_COMPILER_APPICON_NAME = AppIcon;
				CODE_SIGN_IDENTITY = "Mac Developer";
				COMBINE_HIDPI_IMAGES = YES;
				DEVELOPMENT_TEAM = PS2F6S478M;
				INFOPLIST_FILE = "jamf-migrator/Info.plist";
				LD_RUNPATH_SEARCH_PATHS = "$(inherited) @executable_path/../Frameworks";
				MACOSX_DEPLOYMENT_TARGET = 10.11;
				PRODUCT_BUNDLE_IDENTIFIER = "com.jamf.jamf-migrator";
				PRODUCT_NAME = "$(TARGET_NAME)";
				SWIFT_VERSION = 3.0;
			};
			name = Debug;
		};
		9BC01C6D1DFB0C07007E634E /* Release */ = {
			isa = XCBuildConfiguration;
			buildSettings = {
				ASSETCATALOG_COMPILER_APPICON_NAME = AppIcon;
				CODE_SIGN_IDENTITY = "Mac Developer";
				COMBINE_HIDPI_IMAGES = YES;
				DEVELOPMENT_TEAM = PS2F6S478M;
				INFOPLIST_FILE = "jamf-migrator/Info.plist";
				LD_RUNPATH_SEARCH_PATHS = "$(inherited) @executable_path/../Frameworks";
				MACOSX_DEPLOYMENT_TARGET = 10.11;
				PRODUCT_BUNDLE_IDENTIFIER = "com.jamf.jamf-migrator";
				PRODUCT_NAME = "$(TARGET_NAME)";
				SWIFT_VERSION = 3.0;
			};
			name = Release;
		};
/* End XCBuildConfiguration section */

/* Begin XCConfigurationList section */
		9BC01C571DFB0C07007E634E /* Build configuration list for PBXProject "jamf-migrator" */ = {
			isa = XCConfigurationList;
			buildConfigurations = (
				9BC01C691DFB0C07007E634E /* Debug */,
				9BC01C6A1DFB0C07007E634E /* Release */,
			);
			defaultConfigurationIsVisible = 0;
			defaultConfigurationName = Release;
		};
		9BC01C6B1DFB0C07007E634E /* Build configuration list for PBXNativeTarget "jamf-migrator" */ = {
			isa = XCConfigurationList;
			buildConfigurations = (
				9BC01C6C1DFB0C07007E634E /* Debug */,
				9BC01C6D1DFB0C07007E634E /* Release */,
			);
			defaultConfigurationIsVisible = 0;
			defaultConfigurationName = Release;
		};
/* End XCConfigurationList section */
	};
	rootObject = 9BC01C541DFB0C07007E634E /* Project object */;
}
