// !$*UTF8*$!
{
	archiveVersion = 1;
	classes = {
	};
	objectVersion = 46;
	objects = {

/* Begin PBXBuildFile section */
		9BC01C601DFB0C07007E634E /* AppDelegate.swift in Sources */ = {isa = PBXBuildFile; fileRef = 9BC01C5F1DFB0C07007E634E /* AppDelegate.swift */; };
		9BC01C621DFB0C07007E634E /* ViewController.swift in Sources */ = {isa = PBXBuildFile; fileRef = 9BC01C611DFB0C07007E634E /* ViewController.swift */; };
		9BC01C641DFB0C07007E634E /* Assets.xcassets in Resources */ = {isa = PBXBuildFile; fileRef = 9BC01C631DFB0C07007E634E /* Assets.xcassets */; };
		9BC01C671DFB0C07007E634E /* Main.storyboard in Resources */ = {isa = PBXBuildFile; fileRef = 9BC01C651DFB0C07007E634E /* Main.storyboard */; };
		9BC01C6F1DFBC564007E634E /* settings.plist in Resources */ = {isa = PBXBuildFile; fileRef = 9BC01C6E1DFBC564007E634E /* settings.plist */; };
		B5165E1620E580A00086E31D /* XmlDelegate.swift in Sources */ = {isa = PBXBuildFile; fileRef = B5165E1520E580A00086E31D /* XmlDelegate.swift */; };
		B51742DA28FB4F2B0058ED55 /* CustomSeparator.swift in Sources */ = {isa = PBXBuildFile; fileRef = B51742D928FB4F2B0058ED55 /* CustomSeparator.swift */; };
		B5245C39255D2BB1000A4E48 /* app.png in Resources */ = {isa = PBXBuildFile; fileRef = B5245C38255D2BB1000A4E48 /* app.png */; };
		B53796CA2273FFBA0006C1E4 /* WebKit.framework in Frameworks */ = {isa = PBXBuildFile; fileRef = B53796C92273FFBA0006C1E4 /* WebKit.framework */; };
		B53ECDF82391F8FB005EE6E5 /* Globals.swift in Sources */ = {isa = PBXBuildFile; fileRef = B53ECDF72391F8FB005EE6E5 /* Globals.swift */; };
		B53ECDFC2394474B005EE6E5 /* Json.swift in Sources */ = {isa = PBXBuildFile; fileRef = B53ECDFB2394474B005EE6E5 /* Json.swift */; };
		B54509412904D96500094739 /* Awake.swift in Sources */ = {isa = PBXBuildFile; fileRef = B54509402904D96500094739 /* Awake.swift */; };
		B556A79E2773A100003CBEE9 /* Alert.swift in Sources */ = {isa = PBXBuildFile; fileRef = B556A79D2773A100003CBEE9 /* Alert.swift */; };
		B56CA91828E88DE200236A8A /* SourceDestVC.swift in Sources */ = {isa = PBXBuildFile; fileRef = B56CA91728E88DE200236A8A /* SourceDestVC.swift */; };
		B56CBA8A277B939100F26E8C /* SaveDelegate.swift in Sources */ = {isa = PBXBuildFile; fileRef = B56CBA89277B939100F26E8C /* SaveDelegate.swift */; };
		B574AA722767563E00E4E3E2 /* PackagesDelegate.swift in Sources */ = {isa = PBXBuildFile; fileRef = B574AA712767563E00E4E3E2 /* PackagesDelegate.swift */; };
		B58CCCD3249B016100AD0052 /* TimeDelegate.swift in Sources */ = {isa = PBXBuildFile; fileRef = B58CCCD2249B016100AD0052 /* TimeDelegate.swift */; };
		B5927AFC20CC394F0059C25B /* VersionCheck.swift in Sources */ = {isa = PBXBuildFile; fileRef = B5927AFB20CC394F0059C25B /* VersionCheck.swift */; };
		B5A9A025221F4B7B00AF7B6E /* WriteToLog.swift in Sources */ = {isa = PBXBuildFile; fileRef = B5A9A024221F4B7B00AF7B6E /* WriteToLog.swift */; };
		B5B4FAFC1FF0B21C0007BD34 /* SummaryViewController.swift in Sources */ = {isa = PBXBuildFile; fileRef = B5B4FAFB1FF0B21C0007BD34 /* SummaryViewController.swift */; };
		B5B651901F203C48007D7CE6 /* HelpViewController.swift in Sources */ = {isa = PBXBuildFile; fileRef = B5B6518F1F203C48007D7CE6 /* HelpViewController.swift */; };
		B5BD6ADB233510F6001D244A /* Credentials.swift in Sources */ = {isa = PBXBuildFile; fileRef = B5BD6ADA233510F6001D244A /* Credentials.swift */; };
		B5C25B0727DA0499008E4B0F /* JamfPro.swift in Sources */ = {isa = PBXBuildFile; fileRef = B5C25B0627DA0499008E4B0F /* JamfPro.swift */; };
		B5C993C0230E211100558040 /* Sites.swift in Sources */ = {isa = PBXBuildFile; fileRef = B5C993BF230E211100558040 /* Sites.swift */; };
		B5E179F21F1FDAFA00A20AAA /* images in Resources */ = {isa = PBXBuildFile; fileRef = B5E179F01F1FDAFA00A20AAA /* images */; };
		B5E179F31F1FDAFA00A20AAA /* index.html in Resources */ = {isa = PBXBuildFile; fileRef = B5E179F11F1FDAFA00A20AAA /* index.html */; };
		B5E1912721AAA63400A1A9CA /* Preferences.storyboard in Resources */ = {isa = PBXBuildFile; fileRef = B5E1912521AAA63400A1A9CA /* Preferences.storyboard */; };
		B5E1912921AAA8EC00A1A9CA /* PrefsWindowController.swift in Sources */ = {isa = PBXBuildFile; fileRef = B5E1912821AAA8EC00A1A9CA /* PrefsWindowController.swift */; };
		B5E1912B21AAD5AC00A1A9CA /* copy.png in Resources */ = {isa = PBXBuildFile; fileRef = B5E1912A21AAD5AB00A1A9CA /* copy.png */; };
		B5E1912D21AAD9F300A1A9CA /* PreferencesViewController.swift in Sources */ = {isa = PBXBuildFile; fileRef = B5E1912C21AAD9F300A1A9CA /* PreferencesViewController.swift */; };
		B5E1912F21AAEFD400A1A9CA /* export.png in Resources */ = {isa = PBXBuildFile; fileRef = B5E1912E21AAEFD400A1A9CA /* export.png */; };
		B5FD9DAE27434B8A0044C321 /* Jpapi.swift in Sources */ = {isa = PBXBuildFile; fileRef = B5FD9DAD27434B890044C321 /* Jpapi.swift */; };
/* End PBXBuildFile section */

/* Begin PBXFileReference section */
		9BC01C5C1DFB0C07007E634E /* jamf-migrator.app */ = {isa = PBXFileReference; explicitFileType = wrapper.application; includeInIndex = 0; path = "jamf-migrator.app"; sourceTree = BUILT_PRODUCTS_DIR; };
		9BC01C5F1DFB0C07007E634E /* AppDelegate.swift */ = {isa = PBXFileReference; lastKnownFileType = sourcecode.swift; path = AppDelegate.swift; sourceTree = "<group>"; };
		9BC01C611DFB0C07007E634E /* ViewController.swift */ = {isa = PBXFileReference; lastKnownFileType = sourcecode.swift; path = ViewController.swift; sourceTree = "<group>"; };
		9BC01C631DFB0C07007E634E /* Assets.xcassets */ = {isa = PBXFileReference; lastKnownFileType = folder.assetcatalog; path = Assets.xcassets; sourceTree = "<group>"; };
		9BC01C661DFB0C07007E634E /* Base */ = {isa = PBXFileReference; lastKnownFileType = file.storyboard; name = Base; path = Base.lproj/Main.storyboard; sourceTree = "<group>"; };
		9BC01C681DFB0C07007E634E /* Info.plist */ = {isa = PBXFileReference; lastKnownFileType = text.plist.xml; path = Info.plist; sourceTree = "<group>"; };
		9BC01C6E1DFBC564007E634E /* settings.plist */ = {isa = PBXFileReference; fileEncoding = 4; lastKnownFileType = text.plist.xml; path = settings.plist; sourceTree = "<group>"; };
		B5165E1520E580A00086E31D /* XmlDelegate.swift */ = {isa = PBXFileReference; lastKnownFileType = sourcecode.swift; path = XmlDelegate.swift; sourceTree = "<group>"; };
		B51742D928FB4F2B0058ED55 /* CustomSeparator.swift */ = {isa = PBXFileReference; fileEncoding = 4; lastKnownFileType = sourcecode.swift; path = CustomSeparator.swift; sourceTree = "<group>"; };
		B5245C38255D2BB1000A4E48 /* app.png */ = {isa = PBXFileReference; lastKnownFileType = image.png; path = app.png; sourceTree = "<group>"; };
		B53796C92273FFBA0006C1E4 /* WebKit.framework */ = {isa = PBXFileReference; lastKnownFileType = wrapper.framework; name = WebKit.framework; path = System/Library/Frameworks/WebKit.framework; sourceTree = SDKROOT; };
		B53ECDF72391F8FB005EE6E5 /* Globals.swift */ = {isa = PBXFileReference; lastKnownFileType = sourcecode.swift; path = Globals.swift; sourceTree = "<group>"; };
		B53ECDFB2394474B005EE6E5 /* Json.swift */ = {isa = PBXFileReference; lastKnownFileType = sourcecode.swift; path = Json.swift; sourceTree = "<group>"; };
		B54438DB25F6224A00465FA5 /* Misc */ = {isa = PBXFileReference; lastKnownFileType = text; path = Misc; sourceTree = "<group>"; };
		B54509402904D96500094739 /* Awake.swift */ = {isa = PBXFileReference; lastKnownFileType = sourcecode.swift; path = Awake.swift; sourceTree = "<group>"; };
		B556A79D2773A100003CBEE9 /* Alert.swift */ = {isa = PBXFileReference; fileEncoding = 4; lastKnownFileType = sourcecode.swift; path = Alert.swift; sourceTree = "<group>"; };
		B562410D215151C4007F8144 /* jamf-migrator.entitlements */ = {isa = PBXFileReference; lastKnownFileType = text.plist.entitlements; path = "jamf-migrator.entitlements"; sourceTree = "<group>"; };
		B56CA91728E88DE200236A8A /* SourceDestVC.swift */ = {isa = PBXFileReference; fileEncoding = 4; lastKnownFileType = sourcecode.swift; path = SourceDestVC.swift; sourceTree = "<group>"; };
		B56CA91C28EA74EB00236A8A /* Call function in another VC that updates UI.md */ = {isa = PBXFileReference; lastKnownFileType = net.daringfireball.markdown; path = "Call function in another VC that updates UI.md"; sourceTree = "<group>"; };
		B56CBA89277B939100F26E8C /* SaveDelegate.swift */ = {isa = PBXFileReference; fileEncoding = 4; lastKnownFileType = sourcecode.swift; path = SaveDelegate.swift; sourceTree = "<group>"; };
		B574AA712767563E00E4E3E2 /* PackagesDelegate.swift */ = {isa = PBXFileReference; lastKnownFileType = sourcecode.swift; path = PackagesDelegate.swift; sourceTree = "<group>"; };
		B58CCCD2249B016100AD0052 /* TimeDelegate.swift */ = {isa = PBXFileReference; fileEncoding = 4; lastKnownFileType = sourcecode.swift; path = TimeDelegate.swift; sourceTree = "<group>"; };
		B5927AFB20CC394F0059C25B /* VersionCheck.swift */ = {isa = PBXFileReference; lastKnownFileType = sourcecode.swift; path = VersionCheck.swift; sourceTree = "<group>"; };
		B5A9A024221F4B7B00AF7B6E /* WriteToLog.swift */ = {isa = PBXFileReference; lastKnownFileType = sourcecode.swift; path = WriteToLog.swift; sourceTree = "<group>"; };
		B5B4FAFB1FF0B21C0007BD34 /* SummaryViewController.swift */ = {isa = PBXFileReference; fileEncoding = 4; lastKnownFileType = sourcecode.swift; path = SummaryViewController.swift; sourceTree = "<group>"; };
		B5B6518F1F203C48007D7CE6 /* HelpViewController.swift */ = {isa = PBXFileReference; fileEncoding = 4; lastKnownFileType = sourcecode.swift; path = HelpViewController.swift; sourceTree = "<group>"; };
		B5BD6ADA233510F6001D244A /* Credentials.swift */ = {isa = PBXFileReference; lastKnownFileType = sourcecode.swift; path = Credentials.swift; sourceTree = "<group>"; };
		B5C25B0627DA0499008E4B0F /* JamfPro.swift */ = {isa = PBXFileReference; fileEncoding = 4; lastKnownFileType = sourcecode.swift; path = JamfPro.swift; sourceTree = "<group>"; };
		B5C993BF230E211100558040 /* Sites.swift */ = {isa = PBXFileReference; lastKnownFileType = sourcecode.swift; path = Sites.swift; sourceTree = "<group>"; };
		B5E179F01F1FDAFA00A20AAA /* images */ = {isa = PBXFileReference; lastKnownFileType = folder; path = images; sourceTree = "<group>"; };
		B5E179F11F1FDAFA00A20AAA /* index.html */ = {isa = PBXFileReference; fileEncoding = 4; lastKnownFileType = text.html; path = index.html; sourceTree = "<group>"; };
		B5E1912621AAA63400A1A9CA /* Base */ = {isa = PBXFileReference; lastKnownFileType = file.storyboard; name = Base; path = "jamf-migrator/Base.lproj/Preferences.storyboard"; sourceTree = SOURCE_ROOT; };
		B5E1912821AAA8EC00A1A9CA /* PrefsWindowController.swift */ = {isa = PBXFileReference; lastKnownFileType = sourcecode.swift; name = PrefsWindowController.swift; path = "jamf-migrator/PrefsWindowController.swift"; sourceTree = SOURCE_ROOT; };
		B5E1912A21AAD5AB00A1A9CA /* copy.png */ = {isa = PBXFileReference; lastKnownFileType = image.png; path = copy.png; sourceTree = "<group>"; };
		B5E1912C21AAD9F300A1A9CA /* PreferencesViewController.swift */ = {isa = PBXFileReference; lastKnownFileType = sourcecode.swift; path = PreferencesViewController.swift; sourceTree = "<group>"; };
		B5E1912E21AAEFD400A1A9CA /* export.png */ = {isa = PBXFileReference; lastKnownFileType = image.png; path = export.png; sourceTree = "<group>"; };
		B5FD9DAD27434B890044C321 /* Jpapi.swift */ = {isa = PBXFileReference; fileEncoding = 4; lastKnownFileType = sourcecode.swift; path = Jpapi.swift; sourceTree = "<group>"; };
/* End PBXFileReference section */

/* Begin PBXFrameworksBuildPhase section */
		9BC01C591DFB0C07007E634E /* Frameworks */ = {
			isa = PBXFrameworksBuildPhase;
			buildActionMask = 2147483647;
			files = (
				B53796CA2273FFBA0006C1E4 /* WebKit.framework in Frameworks */,
			);
			runOnlyForDeploymentPostprocessing = 0;
		};
/* End PBXFrameworksBuildPhase section */

/* Begin PBXGroup section */
		9BC01C531DFB0C07007E634E = {
			isa = PBXGroup;
			children = (
				B56CA91B28EA742200236A8A /* Notes */,
				9BC01C5E1DFB0C07007E634E /* jamf-migrator */,
				9BC01C5D1DFB0C07007E634E /* Products */,
				B53796C82273FFBA0006C1E4 /* Frameworks */,
			);
			sourceTree = "<group>";
		};
		9BC01C5D1DFB0C07007E634E /* Products */ = {
			isa = PBXGroup;
			children = (
				9BC01C5C1DFB0C07007E634E /* jamf-migrator.app */,
			);
			name = Products;
			sourceTree = "<group>";
		};
		9BC01C5E1DFB0C07007E634E /* jamf-migrator */ = {
			isa = PBXGroup;
			children = (
				B5E1912421AAA5D700A1A9CA /* Preferences */,
				B556A79D2773A100003CBEE9 /* Alert.swift */,
				B54509402904D96500094739 /* Awake.swift */,
				9BC01C5F1DFB0C07007E634E /* AppDelegate.swift */,
				B5BD6ADA233510F6001D244A /* Credentials.swift */,
				B51742D928FB4F2B0058ED55 /* CustomSeparator.swift */,
				B53ECDF72391F8FB005EE6E5 /* Globals.swift */,
				B5B6518F1F203C48007D7CE6 /* HelpViewController.swift */,
				B5C25B0627DA0499008E4B0F /* JamfPro.swift */,
				B5FD9DAD27434B890044C321 /* Jpapi.swift */,
				B53ECDFB2394474B005EE6E5 /* Json.swift */,
				B574AA712767563E00E4E3E2 /* PackagesDelegate.swift */,
				B56CBA89277B939100F26E8C /* SaveDelegate.swift */,
				B5C993BF230E211100558040 /* Sites.swift */,
				B56CA91728E88DE200236A8A /* SourceDestVC.swift */,
				B5B4FAFB1FF0B21C0007BD34 /* SummaryViewController.swift */,
				B58CCCD2249B016100AD0052 /* TimeDelegate.swift */,
				B5927AFB20CC394F0059C25B /* VersionCheck.swift */,
				9BC01C611DFB0C07007E634E /* ViewController.swift */,
				B5A9A024221F4B7B00AF7B6E /* WriteToLog.swift */,
				B5165E1520E580A00086E31D /* XmlDelegate.swift */,
				B562410D215151C4007F8144 /* jamf-migrator.entitlements */,
				9BC01C651DFB0C07007E634E /* Main.storyboard */,
				9BC01C631DFB0C07007E634E /* Assets.xcassets */,
				B55A277F1EAF8CAE00AF8398 /* Images */,
				9BC01C681DFB0C07007E634E /* Info.plist */,
				9BC01C6E1DFBC564007E634E /* settings.plist */,
				B5E179EF1F1FDACF00A20AAA /* help */,
			);
			path = "jamf-migrator";
			sourceTree = "<group>";
		};
		B53796C82273FFBA0006C1E4 /* Frameworks */ = {
			isa = PBXGroup;
			children = (
				B53796C92273FFBA0006C1E4 /* WebKit.framework */,
			);
			name = Frameworks;
			sourceTree = "<group>";
		};
		B55A277F1EAF8CAE00AF8398 /* Images */ = {
			isa = PBXGroup;
			children = (
				B5E1912A21AAD5AB00A1A9CA /* copy.png */,
				B5245C38255D2BB1000A4E48 /* app.png */,
				B5E1912E21AAEFD400A1A9CA /* export.png */,
			);
			name = Images;
			sourceTree = "<group>";
		};
		B56CA91B28EA742200236A8A /* Notes */ = {
			isa = PBXGroup;
			children = (
				B54438DB25F6224A00465FA5 /* Misc */,
				B56CA91C28EA74EB00236A8A /* Call function in another VC that updates UI.md */,
			);
			path = Notes;
			sourceTree = "<group>";
		};
		B5E179EF1F1FDACF00A20AAA /* help */ = {
			isa = PBXGroup;
			children = (
				B5E179F01F1FDAFA00A20AAA /* images */,
				B5E179F11F1FDAFA00A20AAA /* index.html */,
			);
			name = help;
			sourceTree = "<group>";
		};
		B5E1912421AAA5D700A1A9CA /* Preferences */ = {
			isa = PBXGroup;
			children = (
				B5E1912821AAA8EC00A1A9CA /* PrefsWindowController.swift */,
				B5E1912C21AAD9F300A1A9CA /* PreferencesViewController.swift */,
				B5E1912521AAA63400A1A9CA /* Preferences.storyboard */,
			);
			path = Preferences;
			sourceTree = "<group>";
		};
/* End PBXGroup section */

/* Begin PBXNativeTarget section */
		9BC01C5B1DFB0C07007E634E /* jamf-migrator */ = {
			isa = PBXNativeTarget;
			buildConfigurationList = 9BC01C6B1DFB0C07007E634E /* Build configuration list for PBXNativeTarget "jamf-migrator" */;
			buildPhases = (
				9BC01C581DFB0C07007E634E /* Sources */,
				9BC01C591DFB0C07007E634E /* Frameworks */,
				9BC01C5A1DFB0C07007E634E /* Resources */,
				CEB2CF8329786D4E00CE8AC7 /* Run Build Number Script */,
			);
			buildRules = (
			);
			dependencies = (
			);
			name = "jamf-migrator";
			productName = "jamf-migrator";
			productReference = 9BC01C5C1DFB0C07007E634E /* jamf-migrator.app */;
			productType = "com.apple.product-type.application";
		};
/* End PBXNativeTarget section */

/* Begin PBXProject section */
		9BC01C541DFB0C07007E634E /* Project object */ = {
			isa = PBXProject;
			attributes = {
				LastSwiftUpdateCheck = 0810;
				LastUpgradeCheck = 1400;
				ORGANIZATIONNAME = jamf;
				TargetAttributes = {
					9BC01C5B1DFB0C07007E634E = {
						CreatedOnToolsVersion = 8.1;
						DevelopmentTeam = PS2F6S478M;
						LastSwiftMigration = 1120;
						ProvisioningStyle = Automatic;
						SystemCapabilities = {
							com.apple.HardenedRuntime = {
								enabled = 1;
							};
							com.apple.Sandbox = {
								enabled = 1;
							};
						};
					};
				};
			};
			buildConfigurationList = 9BC01C571DFB0C07007E634E /* Build configuration list for PBXProject "jamf-migrator" */;
			compatibilityVersion = "Xcode 3.2";
			developmentRegion = en;
			hasScannedForEncodings = 0;
			knownRegions = (
				en,
				Base,
			);
			mainGroup = 9BC01C531DFB0C07007E634E;
			productRefGroup = 9BC01C5D1DFB0C07007E634E /* Products */;
			projectDirPath = "";
			projectRoot = "";
			targets = (
				9BC01C5B1DFB0C07007E634E /* jamf-migrator */,
			);
		};
/* End PBXProject section */

/* Begin PBXResourcesBuildPhase section */
		9BC01C5A1DFB0C07007E634E /* Resources */ = {
			isa = PBXResourcesBuildPhase;
			buildActionMask = 2147483647;
			files = (
				B5245C39255D2BB1000A4E48 /* app.png in Resources */,
				B5E179F21F1FDAFA00A20AAA /* images in Resources */,
				9BC01C6F1DFBC564007E634E /* settings.plist in Resources */,
				9BC01C641DFB0C07007E634E /* Assets.xcassets in Resources */,
				B5E1912721AAA63400A1A9CA /* Preferences.storyboard in Resources */,
				B5E1912B21AAD5AC00A1A9CA /* copy.png in Resources */,
				9BC01C671DFB0C07007E634E /* Main.storyboard in Resources */,
				B5E179F31F1FDAFA00A20AAA /* index.html in Resources */,
				B5E1912F21AAEFD400A1A9CA /* export.png in Resources */,
			);
			runOnlyForDeploymentPostprocessing = 0;
		};
/* End PBXResourcesBuildPhase section */

/* Begin PBXShellScriptBuildPhase section */
		CEB2CF8329786D4E00CE8AC7 /* Run Build Number Script */ = {
			isa = PBXShellScriptBuildPhase;
			buildActionMask = 2147483647;
			files = (
			);
			inputFileListPaths = (
			);
			inputPaths = (
			);
			name = "Run Build Number Script";
			outputFileListPaths = (
			);
			outputPaths = (
			);
			runOnlyForDeploymentPostprocessing = 0;
			shellPath = /bin/sh;
			shellScript = "newMajor=\"$(date -u +%Y%m%d)\"\ndate24H=$(date -u +%H%M)\ntmpMinor=$(printf \"%x\\n\" $(echo $date24H | sed 's/^0*//'))\nnewMinor=$(echo $tmpMinor | tr '[:lower:]' '[:upper:]')\nnewBuildNumber=\"$newMajor-$newMinor\"\n##echo \"dir: ${PROJECT_DIR}\"\n##echo \"plist: ${INFOPLIST_FILE}\"\n##defaults read \"${PROJECT_DIR}/${INFOPLIST_FILE}\"\n\n## create folder to hold exported app\nshortVer=\"v${MARKETING_VERSION}\"\nexeName=\"${EXECUTABLE_NAME}\"\nbuildDir=\"/Users/lesliehelou/Documents/Travel/- Projects/$exeName/$shortVer/\"\n\nif [ ! -d \"$buildDir\" ];then\n    mkdir -p \"$buildDir\"\nfi\n\n/usr/libexec/PlistBuddy -c \"Set :CFBundleVersion $newBuildNumber\" \"${PROJECT_DIR}/${INFOPLIST_FILE}\"\n";
		};
/* End PBXShellScriptBuildPhase section */

/* Begin PBXSourcesBuildPhase section */
		9BC01C581DFB0C07007E634E /* Sources */ = {
			isa = PBXSourcesBuildPhase;
			buildActionMask = 2147483647;
			files = (
				B5165E1620E580A00086E31D /* XmlDelegate.swift in Sources */,
				9BC01C621DFB0C07007E634E /* ViewController.swift in Sources */,
				B5C25B0727DA0499008E4B0F /* JamfPro.swift in Sources */,
				B574AA722767563E00E4E3E2 /* PackagesDelegate.swift in Sources */,
				B5B651901F203C48007D7CE6 /* HelpViewController.swift in Sources */,
				B51742DA28FB4F2B0058ED55 /* CustomSeparator.swift in Sources */,
				B556A79E2773A100003CBEE9 /* Alert.swift in Sources */,
				B5927AFC20CC394F0059C25B /* VersionCheck.swift in Sources */,
				B5E1912D21AAD9F300A1A9CA /* PreferencesViewController.swift in Sources */,
				B53ECDF82391F8FB005EE6E5 /* Globals.swift in Sources */,
				B53ECDFC2394474B005EE6E5 /* Json.swift in Sources */,
				B54509412904D96500094739 /* Awake.swift in Sources */,
				9BC01C601DFB0C07007E634E /* AppDelegate.swift in Sources */,
				B56CA91828E88DE200236A8A /* SourceDestVC.swift in Sources */,
				B5B4FAFC1FF0B21C0007BD34 /* SummaryViewController.swift in Sources */,
				B5FD9DAE27434B8A0044C321 /* Jpapi.swift in Sources */,
				B5E1912921AAA8EC00A1A9CA /* PrefsWindowController.swift in Sources */,
				B56CBA8A277B939100F26E8C /* SaveDelegate.swift in Sources */,
				B58CCCD3249B016100AD0052 /* TimeDelegate.swift in Sources */,
				B5BD6ADB233510F6001D244A /* Credentials.swift in Sources */,
				B5C993C0230E211100558040 /* Sites.swift in Sources */,
				B5A9A025221F4B7B00AF7B6E /* WriteToLog.swift in Sources */,
			);
			runOnlyForDeploymentPostprocessing = 0;
		};
/* End PBXSourcesBuildPhase section */

/* Begin PBXVariantGroup section */
		9BC01C651DFB0C07007E634E /* Main.storyboard */ = {
			isa = PBXVariantGroup;
			children = (
				9BC01C661DFB0C07007E634E /* Base */,
			);
			name = Main.storyboard;
			sourceTree = "<group>";
		};
		B5E1912521AAA63400A1A9CA /* Preferences.storyboard */ = {
			isa = PBXVariantGroup;
			children = (
				B5E1912621AAA63400A1A9CA /* Base */,
			);
			name = Preferences.storyboard;
			sourceTree = "<group>";
		};
/* End PBXVariantGroup section */

/* Begin XCBuildConfiguration section */
		9BC01C691DFB0C07007E634E /* Debug */ = {
			isa = XCBuildConfiguration;
			buildSettings = {
				ALWAYS_SEARCH_USER_PATHS = NO;
				CLANG_ANALYZER_NONNULL = YES;
				CLANG_CXX_LANGUAGE_STANDARD = "gnu++0x";
				CLANG_CXX_LIBRARY = "libc++";
				CLANG_ENABLE_MODULES = YES;
				CLANG_ENABLE_OBJC_ARC = YES;
				CLANG_WARN_BLOCK_CAPTURE_AUTORELEASING = YES;
				CLANG_WARN_BOOL_CONVERSION = YES;
				CLANG_WARN_COMMA = YES;
				CLANG_WARN_CONSTANT_CONVERSION = YES;
				CLANG_WARN_DEPRECATED_OBJC_IMPLEMENTATIONS = YES;
				CLANG_WARN_DIRECT_OBJC_ISA_USAGE = YES_ERROR;
				CLANG_WARN_DOCUMENTATION_COMMENTS = YES;
				CLANG_WARN_EMPTY_BODY = YES;
				CLANG_WARN_ENUM_CONVERSION = YES;
				CLANG_WARN_INFINITE_RECURSION = YES;
				CLANG_WARN_INT_CONVERSION = YES;
				CLANG_WARN_NON_LITERAL_NULL_CONVERSION = YES;
				CLANG_WARN_OBJC_IMPLICIT_RETAIN_SELF = YES;
				CLANG_WARN_OBJC_LITERAL_CONVERSION = YES;
				CLANG_WARN_OBJC_ROOT_CLASS = YES_ERROR;
				CLANG_WARN_QUOTED_INCLUDE_IN_FRAMEWORK_HEADER = YES;
				CLANG_WARN_RANGE_LOOP_ANALYSIS = YES;
				CLANG_WARN_STRICT_PROTOTYPES = YES;
				CLANG_WARN_SUSPICIOUS_MOVE = YES;
				CLANG_WARN_SUSPICIOUS_MOVES = YES;
				CLANG_WARN_UNREACHABLE_CODE = YES;
				CLANG_WARN__DUPLICATE_METHOD_MATCH = YES;
				CODE_SIGN_IDENTITY = "-";
				COPY_PHASE_STRIP = NO;
				DEAD_CODE_STRIPPING = YES;
				DEBUG_INFORMATION_FORMAT = dwarf;
				ENABLE_STRICT_OBJC_MSGSEND = YES;
				ENABLE_TESTABILITY = YES;
				GCC_C_LANGUAGE_STANDARD = gnu99;
				GCC_DYNAMIC_NO_PIC = NO;
				GCC_NO_COMMON_BLOCKS = YES;
				GCC_OPTIMIZATION_LEVEL = 0;
				GCC_PREPROCESSOR_DEFINITIONS = (
					"DEBUG=1",
					"$(inherited)",
				);
				GCC_WARN_64_TO_32_BIT_CONVERSION = YES;
				GCC_WARN_ABOUT_RETURN_TYPE = YES_ERROR;
				GCC_WARN_UNDECLARED_SELECTOR = YES;
				GCC_WARN_UNINITIALIZED_AUTOS = YES_AGGRESSIVE;
				GCC_WARN_UNUSED_FUNCTION = YES;
				GCC_WARN_UNUSED_VARIABLE = YES;
				MACOSX_DEPLOYMENT_TARGET = 10.12;
				MTL_ENABLE_DEBUG_INFO = YES;
				ONLY_ACTIVE_ARCH = YES;
				SDKROOT = macosx;
				SWIFT_ACTIVE_COMPILATION_CONDITIONS = DEBUG;
				SWIFT_OPTIMIZATION_LEVEL = "-Onone";
			};
			name = Debug;
		};
		9BC01C6A1DFB0C07007E634E /* Release */ = {
			isa = XCBuildConfiguration;
			buildSettings = {
				ALWAYS_SEARCH_USER_PATHS = NO;
				CLANG_ANALYZER_NONNULL = YES;
				CLANG_CXX_LANGUAGE_STANDARD = "gnu++0x";
				CLANG_CXX_LIBRARY = "libc++";
				CLANG_ENABLE_MODULES = YES;
				CLANG_ENABLE_OBJC_ARC = YES;
				CLANG_WARN_BLOCK_CAPTURE_AUTORELEASING = YES;
				CLANG_WARN_BOOL_CONVERSION = YES;
				CLANG_WARN_COMMA = YES;
				CLANG_WARN_CONSTANT_CONVERSION = YES;
				CLANG_WARN_DEPRECATED_OBJC_IMPLEMENTATIONS = YES;
				CLANG_WARN_DIRECT_OBJC_ISA_USAGE = YES_ERROR;
				CLANG_WARN_DOCUMENTATION_COMMENTS = YES;
				CLANG_WARN_EMPTY_BODY = YES;
				CLANG_WARN_ENUM_CONVERSION = YES;
				CLANG_WARN_INFINITE_RECURSION = YES;
				CLANG_WARN_INT_CONVERSION = YES;
				CLANG_WARN_NON_LITERAL_NULL_CONVERSION = YES;
				CLANG_WARN_OBJC_IMPLICIT_RETAIN_SELF = YES;
				CLANG_WARN_OBJC_LITERAL_CONVERSION = YES;
				CLANG_WARN_OBJC_ROOT_CLASS = YES_ERROR;
				CLANG_WARN_QUOTED_INCLUDE_IN_FRAMEWORK_HEADER = YES;
				CLANG_WARN_RANGE_LOOP_ANALYSIS = YES;
				CLANG_WARN_STRICT_PROTOTYPES = YES;
				CLANG_WARN_SUSPICIOUS_MOVE = YES;
				CLANG_WARN_SUSPICIOUS_MOVES = YES;
				CLANG_WARN_UNREACHABLE_CODE = YES;
				CLANG_WARN__DUPLICATE_METHOD_MATCH = YES;
				CODE_SIGN_IDENTITY = "-";
				COPY_PHASE_STRIP = NO;
				DEAD_CODE_STRIPPING = YES;
				DEBUG_INFORMATION_FORMAT = "dwarf-with-dsym";
				ENABLE_NS_ASSERTIONS = NO;
				ENABLE_STRICT_OBJC_MSGSEND = YES;
				GCC_C_LANGUAGE_STANDARD = gnu99;
				GCC_NO_COMMON_BLOCKS = YES;
				GCC_WARN_64_TO_32_BIT_CONVERSION = YES;
				GCC_WARN_ABOUT_RETURN_TYPE = YES_ERROR;
				GCC_WARN_UNDECLARED_SELECTOR = YES;
				GCC_WARN_UNINITIALIZED_AUTOS = YES_AGGRESSIVE;
				GCC_WARN_UNUSED_FUNCTION = YES;
				GCC_WARN_UNUSED_VARIABLE = YES;
				MACOSX_DEPLOYMENT_TARGET = 10.12;
				MTL_ENABLE_DEBUG_INFO = NO;
				SDKROOT = macosx;
				SWIFT_OPTIMIZATION_LEVEL = "-Owholemodule";
			};
			name = Release;
		};
		9BC01C6C1DFB0C07007E634E /* Debug */ = {
			isa = XCBuildConfiguration;
			buildSettings = {
				ASSETCATALOG_COMPILER_APPICON_NAME = AppIcon;
				CODE_SIGN_ENTITLEMENTS = "jamf-migrator/jamf-migrator.entitlements";
				CODE_SIGN_IDENTITY = "Mac Developer";
				COMBINE_HIDPI_IMAGES = YES;
				CURRENT_PROJECT_VERSION = 1;
				DEAD_CODE_STRIPPING = YES;
				DEVELOPMENT_TEAM = PS2F6S478M;
				ENABLE_HARDENED_RUNTIME = YES;
				EXCLUDED_RECURSIVE_SEARCH_PATH_SUBDIRECTORIES = "*.nib *.lproj *.framework *.gch *.xcode* *.xcassets (*) .DS_Store CVS .svn .git .hg *.pbproj *.pbxproj Notes";
				EXCLUDED_SOURCE_FILE_NAMES = Notes;
				INFOPLIST_FILE = "jamf-migrator/Info.plist";
				INFOPLIST_KEY_LSApplicationCategoryType = "public.app-category.utilities";
				LD_RUNPATH_SEARCH_PATHS = "$(inherited) @executable_path/../Frameworks";
				MACOSX_DEPLOYMENT_TARGET = 10.15;
				MARKETING_VERSION = 7.3.2;
				PRODUCT_BUNDLE_IDENTIFIER = "com.jamf.jamf-migrator";
				PRODUCT_NAME = "$(TARGET_NAME)";
				SWIFT_SWIFT3_OBJC_INFERENCE = Default;
				SWIFT_VERSION = 5.0;
			};
			name = Debug;
		};
		9BC01C6D1DFB0C07007E634E /* Release */ = {
			isa = XCBuildConfiguration;
			buildSettings = {
				ASSETCATALOG_COMPILER_APPICON_NAME = AppIcon;
				CODE_SIGN_ENTITLEMENTS = "jamf-migrator/jamf-migrator.entitlements";
				CODE_SIGN_IDENTITY = "Mac Developer";
				COMBINE_HIDPI_IMAGES = YES;
				CURRENT_PROJECT_VERSION = 1;
				DEAD_CODE_STRIPPING = YES;
				DEVELOPMENT_TEAM = PS2F6S478M;
				ENABLE_HARDENED_RUNTIME = YES;
				EXCLUDED_RECURSIVE_SEARCH_PATH_SUBDIRECTORIES = "*.nib *.lproj *.framework *.gch *.xcode* *.xcassets (*) .DS_Store CVS .svn .git .hg *.pbproj *.pbxproj Notes";
				EXCLUDED_SOURCE_FILE_NAMES = Notes;
				INFOPLIST_FILE = "jamf-migrator/Info.plist";
				INFOPLIST_KEY_LSApplicationCategoryType = "public.app-category.utilities";
				LD_RUNPATH_SEARCH_PATHS = "$(inherited) @executable_path/../Frameworks";
				MACOSX_DEPLOYMENT_TARGET = 10.15;
				MARKETING_VERSION = 7.3.2;
				PRODUCT_BUNDLE_IDENTIFIER = "com.jamf.jamf-migrator";
				PRODUCT_NAME = "$(TARGET_NAME)";
				SWIFT_SWIFT3_OBJC_INFERENCE = Default;
				SWIFT_VERSION = 5.0;
			};
			name = Release;
		};
/* End XCBuildConfiguration section */

/* Begin XCConfigurationList section */
		9BC01C571DFB0C07007E634E /* Build configuration list for PBXProject "jamf-migrator" */ = {
			isa = XCConfigurationList;
			buildConfigurations = (
				9BC01C691DFB0C07007E634E /* Debug */,
				9BC01C6A1DFB0C07007E634E /* Release */,
			);
			defaultConfigurationIsVisible = 0;
			defaultConfigurationName = Release;
		};
		9BC01C6B1DFB0C07007E634E /* Build configuration list for PBXNativeTarget "jamf-migrator" */ = {
			isa = XCConfigurationList;
			buildConfigurations = (
				9BC01C6C1DFB0C07007E634E /* Debug */,
				9BC01C6D1DFB0C07007E634E /* Release */,
			);
			defaultConfigurationIsVisible = 0;
			defaultConfigurationName = Release;
		};
/* End XCConfigurationList section */
	};
	rootObject = 9BC01C541DFB0C07007E634E /* Project object */;
}
